Microsoft Visual Studio Solution File, Format Version 12.00
# Visual Studio Version 17
VisualStudioVersion = 17.11.35201.85
MinimumVisualStudioVersion = 10.0.40219.1
Project("{2150E333-8FDC-42A3-9474-1A3956D46DE8}") = "src", "src", "{AF18C0ED-4F28-4613-912E-37F9383A5925}"
EndProject
Project("{2150E333-8FDC-42A3-9474-1A3956D46DE8}") = "test", "test", "{F3FEF41E-64D8-4500-BEA7-FF1EF712B3CD}"
EndProject
Project("{9A19103F-16F7-4668-BE54-9A1E7A4F7556}") = "Contoso.AppHost", "src\Contoso.AppHost\Contoso.AppHost.csproj", "{835F8D5F-DBA5-491F-B2D7-791CC49AEE5B}"
EndProject
Project("{9A19103F-16F7-4668-BE54-9A1E7A4F7556}") = "Contoso.ServiceDefaults", "src\Contoso.ServiceDefaults\Contoso.ServiceDefaults.csproj", "{333383D6-BAD8-4388-BF50-DF59EBA8512D}"
EndProject
Project("{9A19103F-16F7-4668-BE54-9A1E7A4F7556}") = "Contoso.Web", "src\Contoso.Web\Contoso.Web.csproj", "{AEB094E2-E423-431A-BEDD-F4D29449591B}"
EndProject
Project("{9A19103F-16F7-4668-BE54-9A1E7A4F7556}") = "Contoso.Tests", "tests\Contoso.Tests\Contoso.Tests.csproj", "{45E25688-91F2-4632-ABB0-919310A56CF1}"
EndProject
Project("{9A19103F-16F7-4668-BE54-9A1E7A4F7556}") = "Contoso.DailyBalance.API", "src\Contoso.DailyBalance.API\Contoso.DailyBalance.API.csproj", "{622CF61D-C9F4-46A6-B4F0-D12B3DF60A48}"
EndProject
Project("{9A19103F-16F7-4668-BE54-9A1E7A4F7556}") = "Contoso.Transactions.API", "src\Contoso.Transactions.API\Contoso.Transactions.API.csproj", "{941C645D-B96B-46E3-AC4F-E10A8000C88B}"
EndProject
Project("{9A19103F-16F7-4668-BE54-9A1E7A4F7556}") = "Contoso.Data", "src\Contoso.Data\Contoso.Data.csproj", "{8F3B1926-156A-438C-AB1D-AA706B315627}"
EndProject
Project("{9A19103F-16F7-4668-BE54-9A1E7A4F7556}") = "Contoso.Infrastructure.Messaging", "src\Contoso.Infrastructure.Messaging\Contoso.Infrastructure.Messaging.csproj", "{E0A01767-A688-4CB8-B54E-381F42B797E2}"
EndProject
Project("{9A19103F-16F7-4668-BE54-9A1E7A4F7556}") = "Contoso.DatabaseMigrationService", "src\Contoso.DatabaseMigrationService\Contoso.DatabaseMigrationService.csproj", "{64FBE506-9CE7-4151-A95D-7B6EACC45F8C}"
EndProject
Project("{2150E333-8FDC-42A3-9474-1A3956D46DE8}") = "1. Applications", "1. Applications", "{ABCA59BD-59BB-4B1F-95B4-D3FDFA4A9ACD}"
EndProject
Project("{2150E333-8FDC-42A3-9474-1A3956D46DE8}") = "Transactions", "Transactions", "{468366A0-CB16-48C4-8CE5-D15D9F2DEB84}"
EndProject
Project("{2150E333-8FDC-42A3-9474-1A3956D46DE8}") = "Balances", "Balances", "{955CAE63-9F59-4E2A-B8AB-69CA59CEC16D}"
EndProject
Project("{2150E333-8FDC-42A3-9474-1A3956D46DE8}") = "0. Host", "0. Host", "{D57B0008-4A55-4472-8E4B-53042B669E7C}"
EndProject
Project("{2150E333-8FDC-42A3-9474-1A3956D46DE8}") = "2. Data", "2. Data", "{348189A8-1DDC-4843-BD08-330A208A2CCE}"
EndProject
Project("{2150E333-8FDC-42A3-9474-1A3956D46DE8}") = "4. Miscellaneous", "4. Miscellaneous", "{36D9FD9B-124B-494B-BE7D-69348C82FFD7}"
EndProject
Project("{2150E333-8FDC-42A3-9474-1A3956D46DE8}") = "3. Infrastructure", "3. Infrastructure", "{3A72E36A-C92F-4684-B4A2-4AC45CD56596}"
EndProject
Project("{9A19103F-16F7-4668-BE54-9A1E7A4F7556}") = "Contoso.Transactions.Worker", "src\Contoso.Transactions.Worker\Contoso.Transactions.Worker.csproj", "{D3CFA7ED-78E0-423F-AAAF-797085F545B8}"
EndProject
Project("{2150E333-8FDC-42A3-9474-1A3956D46DE8}") = "Web", "Web", "{28224918-6367-45A3-94B2-C0EE0669451E}"
EndProject
Project("{2150E333-8FDC-42A3-9474-1A3956D46DE8}") = "1. Applications", "1. Applications", "{72167246-28C5-43BE-BAF5-52E4A1E13C17}"
EndProject
Project("{2150E333-8FDC-42A3-9474-1A3956D46DE8}") = "Balances", "Balances", "{A7257EED-B697-4BDE-9AED-E1E2CF55729A}"
EndProject
Project("{9A19103F-16F7-4668-BE54-9A1E7A4F7556}") = "Contoso.DailyBalance.Tests", "tests\Contoso.DailyBalance.Tests\Contoso.DailyBalance.Tests.csproj", "{183FEE87-862E-4CDC-826F-B2A14385DBDD}"
EndProject
Project("{9A19103F-16F7-4668-BE54-9A1E7A4F7556}") = "Contoso.DailyBalance.Services", "src\Contoso.DailyBalance.Services\Contoso.DailyBalance.Services.csproj", "{7E96A357-9896-40D9-8E25-CFE0C3E3D64E}"
EndProject
Project("{9A19103F-16F7-4668-BE54-9A1E7A4F7556}") = "Contoso.LoadTest", "tests\Contoso.LoadTest\Contoso.LoadTest.csproj", "{FAABDCA8-F934-457A-95E6-6D850270F51D}"
EndProject
Project("{2150E333-8FDC-42A3-9474-1A3956D46DE8}") = "Solution Items", "Solution Items", "{8F54A3DC-02BE-43FF-B417-FFB4F814266B}"
	ProjectSection(SolutionItems) = preProject
		Readme.md = Readme.md
	EndProjectSection
EndProject
Project("{9A19103F-16F7-4668-BE54-9A1E7A4F7556}") = "Contoso.Transactions.Services", "src\Contoso.Transactions.Services\Contoso.Transactions.Services.csproj", "{C573570A-AE93-4895-8271-D4546C1BD385}"
EndProject
Project("{FAE04EC0-301F-11D3-BF4B-00C04F79EFBC}") = "Contoso.DailyBalance.Worker", "src\Contoso.DailyBalance.Worker\Contoso.DailyBalance.Worker.csproj", "{0C7C8BE9-9F87-4BA3-9CD4-BC6A7612DA94}"
EndProject
Global
	GlobalSection(SolutionConfigurationPlatforms) = preSolution
		Debug|Any CPU = Debug|Any CPU
		Release|Any CPU = Release|Any CPU
	EndGlobalSection
	GlobalSection(ProjectConfigurationPlatforms) = postSolution
		{835F8D5F-DBA5-491F-B2D7-791CC49AEE5B}.Debug|Any CPU.ActiveCfg = Debug|Any CPU
		{835F8D5F-DBA5-491F-B2D7-791CC49AEE5B}.Debug|Any CPU.Build.0 = Debug|Any CPU
		{835F8D5F-DBA5-491F-B2D7-791CC49AEE5B}.Release|Any CPU.ActiveCfg = Release|Any CPU
		{835F8D5F-DBA5-491F-B2D7-791CC49AEE5B}.Release|Any CPU.Build.0 = Release|Any CPU
		{333383D6-BAD8-4388-BF50-DF59EBA8512D}.Debug|Any CPU.ActiveCfg = Debug|Any CPU
		{333383D6-BAD8-4388-BF50-DF59EBA8512D}.Debug|Any CPU.Build.0 = Debug|Any CPU
		{333383D6-BAD8-4388-BF50-DF59EBA8512D}.Release|Any CPU.ActiveCfg = Release|Any CPU
		{333383D6-BAD8-4388-BF50-DF59EBA8512D}.Release|Any CPU.Build.0 = Release|Any CPU
		{AEB094E2-E423-431A-BEDD-F4D29449591B}.Debug|Any CPU.ActiveCfg = Debug|Any CPU
		{AEB094E2-E423-431A-BEDD-F4D29449591B}.Debug|Any CPU.Build.0 = Debug|Any CPU
		{AEB094E2-E423-431A-BEDD-F4D29449591B}.Release|Any CPU.ActiveCfg = Release|Any CPU
		{AEB094E2-E423-431A-BEDD-F4D29449591B}.Release|Any CPU.Build.0 = Release|Any CPU
		{45E25688-91F2-4632-ABB0-919310A56CF1}.Debug|Any CPU.ActiveCfg = Debug|Any CPU
		{45E25688-91F2-4632-ABB0-919310A56CF1}.Debug|Any CPU.Build.0 = Debug|Any CPU
		{45E25688-91F2-4632-ABB0-919310A56CF1}.Release|Any CPU.ActiveCfg = Release|Any CPU
		{45E25688-91F2-4632-ABB0-919310A56CF1}.Release|Any CPU.Build.0 = Release|Any CPU
		{622CF61D-C9F4-46A6-B4F0-D12B3DF60A48}.Debug|Any CPU.ActiveCfg = Debug|Any CPU
		{622CF61D-C9F4-46A6-B4F0-D12B3DF60A48}.Debug|Any CPU.Build.0 = Debug|Any CPU
		{622CF61D-C9F4-46A6-B4F0-D12B3DF60A48}.Release|Any CPU.ActiveCfg = Release|Any CPU
		{622CF61D-C9F4-46A6-B4F0-D12B3DF60A48}.Release|Any CPU.Build.0 = Release|Any CPU
		{941C645D-B96B-46E3-AC4F-E10A8000C88B}.Debug|Any CPU.ActiveCfg = Debug|Any CPU
		{941C645D-B96B-46E3-AC4F-E10A8000C88B}.Debug|Any CPU.Build.0 = Debug|Any CPU
		{941C645D-B96B-46E3-AC4F-E10A8000C88B}.Release|Any CPU.ActiveCfg = Release|Any CPU
		{941C645D-B96B-46E3-AC4F-E10A8000C88B}.Release|Any CPU.Build.0 = Release|Any CPU
		{8F3B1926-156A-438C-AB1D-AA706B315627}.Debug|Any CPU.ActiveCfg = Debug|Any CPU
		{8F3B1926-156A-438C-AB1D-AA706B315627}.Debug|Any CPU.Build.0 = Debug|Any CPU
		{8F3B1926-156A-438C-AB1D-AA706B315627}.Release|Any CPU.ActiveCfg = Release|Any CPU
		{8F3B1926-156A-438C-AB1D-AA706B315627}.Release|Any CPU.Build.0 = Release|Any CPU
		{E0A01767-A688-4CB8-B54E-381F42B797E2}.Debug|Any CPU.ActiveCfg = Debug|Any CPU
		{E0A01767-A688-4CB8-B54E-381F42B797E2}.Debug|Any CPU.Build.0 = Debug|Any CPU
		{E0A01767-A688-4CB8-B54E-381F42B797E2}.Release|Any CPU.ActiveCfg = Release|Any CPU
		{E0A01767-A688-4CB8-B54E-381F42B797E2}.Release|Any CPU.Build.0 = Release|Any CPU
		{64FBE506-9CE7-4151-A95D-7B6EACC45F8C}.Debug|Any CPU.ActiveCfg = Debug|Any CPU
		{64FBE506-9CE7-4151-A95D-7B6EACC45F8C}.Debug|Any CPU.Build.0 = Debug|Any CPU
		{64FBE506-9CE7-4151-A95D-7B6EACC45F8C}.Release|Any CPU.ActiveCfg = Release|Any CPU
		{64FBE506-9CE7-4151-A95D-7B6EACC45F8C}.Release|Any CPU.Build.0 = Release|Any CPU
		{D3CFA7ED-78E0-423F-AAAF-797085F545B8}.Debug|Any CPU.ActiveCfg = Debug|Any CPU
		{D3CFA7ED-78E0-423F-AAAF-797085F545B8}.Debug|Any CPU.Build.0 = Debug|Any CPU
		{D3CFA7ED-78E0-423F-AAAF-797085F545B8}.Release|Any CPU.ActiveCfg = Release|Any CPU
		{D3CFA7ED-78E0-423F-AAAF-797085F545B8}.Release|Any CPU.Build.0 = Release|Any CPU
		{183FEE87-862E-4CDC-826F-B2A14385DBDD}.Debug|Any CPU.ActiveCfg = Debug|Any CPU
		{183FEE87-862E-4CDC-826F-B2A14385DBDD}.Debug|Any CPU.Build.0 = Debug|Any CPU
		{183FEE87-862E-4CDC-826F-B2A14385DBDD}.Release|Any CPU.ActiveCfg = Release|Any CPU
		{183FEE87-862E-4CDC-826F-B2A14385DBDD}.Release|Any CPU.Build.0 = Release|Any CPU
		{7E96A357-9896-40D9-8E25-CFE0C3E3D64E}.Debug|Any CPU.ActiveCfg = Debug|Any CPU
		{7E96A357-9896-40D9-8E25-CFE0C3E3D64E}.Debug|Any CPU.Build.0 = Debug|Any CPU
		{7E96A357-9896-40D9-8E25-CFE0C3E3D64E}.Release|Any CPU.ActiveCfg = Release|Any CPU
		{7E96A357-9896-40D9-8E25-CFE0C3E3D64E}.Release|Any CPU.Build.0 = Release|Any CPU
		{FAABDCA8-F934-457A-95E6-6D850270F51D}.Debug|Any CPU.ActiveCfg = Debug|Any CPU
		{FAABDCA8-F934-457A-95E6-6D850270F51D}.Debug|Any CPU.Build.0 = Debug|Any CPU
		{FAABDCA8-F934-457A-95E6-6D850270F51D}.Release|Any CPU.ActiveCfg = Release|Any CPU
		{FAABDCA8-F934-457A-95E6-6D850270F51D}.Release|Any CPU.Build.0 = Release|Any CPU
		{C573570A-AE93-4895-8271-D4546C1BD385}.Debug|Any CPU.ActiveCfg = Debug|Any CPU
		{C573570A-AE93-4895-8271-D4546C1BD385}.Debug|Any CPU.Build.0 = Debug|Any CPU
		{C573570A-AE93-4895-8271-D4546C1BD385}.Release|Any CPU.ActiveCfg = Release|Any CPU
		{C573570A-AE93-4895-8271-D4546C1BD385}.Release|Any CPU.Build.0 = Release|Any CPU
		{0C7C8BE9-9F87-4BA3-9CD4-BC6A7612DA94}.Debug|Any CPU.ActiveCfg = Debug|Any CPU
		{0C7C8BE9-9F87-4BA3-9CD4-BC6A7612DA94}.Debug|Any CPU.Build.0 = Debug|Any CPU
		{0C7C8BE9-9F87-4BA3-9CD4-BC6A7612DA94}.Release|Any CPU.ActiveCfg = Release|Any CPU
		{0C7C8BE9-9F87-4BA3-9CD4-BC6A7612DA94}.Release|Any CPU.Build.0 = Release|Any CPU
	EndGlobalSection
	GlobalSection(SolutionProperties) = preSolution
		HideSolutionNode = FALSE
	EndGlobalSection
	GlobalSection(NestedProjects) = preSolution
		{835F8D5F-DBA5-491F-B2D7-791CC49AEE5B} = {D57B0008-4A55-4472-8E4B-53042B669E7C}
		{333383D6-BAD8-4388-BF50-DF59EBA8512D} = {3A72E36A-C92F-4684-B4A2-4AC45CD56596}
		{AEB094E2-E423-431A-BEDD-F4D29449591B} = {28224918-6367-45A3-94B2-C0EE0669451E}
		{45E25688-91F2-4632-ABB0-919310A56CF1} = {F3FEF41E-64D8-4500-BEA7-FF1EF712B3CD}
		{622CF61D-C9F4-46A6-B4F0-D12B3DF60A48} = {955CAE63-9F59-4E2A-B8AB-69CA59CEC16D}
		{941C645D-B96B-46E3-AC4F-E10A8000C88B} = {468366A0-CB16-48C4-8CE5-D15D9F2DEB84}
		{8F3B1926-156A-438C-AB1D-AA706B315627} = {348189A8-1DDC-4843-BD08-330A208A2CCE}
		{E0A01767-A688-4CB8-B54E-381F42B797E2} = {3A72E36A-C92F-4684-B4A2-4AC45CD56596}
		{64FBE506-9CE7-4151-A95D-7B6EACC45F8C} = {348189A8-1DDC-4843-BD08-330A208A2CCE}
		{ABCA59BD-59BB-4B1F-95B4-D3FDFA4A9ACD} = {AF18C0ED-4F28-4613-912E-37F9383A5925}
		{468366A0-CB16-48C4-8CE5-D15D9F2DEB84} = {ABCA59BD-59BB-4B1F-95B4-D3FDFA4A9ACD}
		{955CAE63-9F59-4E2A-B8AB-69CA59CEC16D} = {ABCA59BD-59BB-4B1F-95B4-D3FDFA4A9ACD}
		{D57B0008-4A55-4472-8E4B-53042B669E7C} = {AF18C0ED-4F28-4613-912E-37F9383A5925}
		{348189A8-1DDC-4843-BD08-330A208A2CCE} = {AF18C0ED-4F28-4613-912E-37F9383A5925}
		{36D9FD9B-124B-494B-BE7D-69348C82FFD7} = {AF18C0ED-4F28-4613-912E-37F9383A5925}
		{3A72E36A-C92F-4684-B4A2-4AC45CD56596} = {AF18C0ED-4F28-4613-912E-37F9383A5925}
		{D3CFA7ED-78E0-423F-AAAF-797085F545B8} = {468366A0-CB16-48C4-8CE5-D15D9F2DEB84}
		{28224918-6367-45A3-94B2-C0EE0669451E} = {ABCA59BD-59BB-4B1F-95B4-D3FDFA4A9ACD}
		{72167246-28C5-43BE-BAF5-52E4A1E13C17} = {F3FEF41E-64D8-4500-BEA7-FF1EF712B3CD}
		{A7257EED-B697-4BDE-9AED-E1E2CF55729A} = {72167246-28C5-43BE-BAF5-52E4A1E13C17}
		{183FEE87-862E-4CDC-826F-B2A14385DBDD} = {A7257EED-B697-4BDE-9AED-E1E2CF55729A}
		{7E96A357-9896-40D9-8E25-CFE0C3E3D64E} = {955CAE63-9F59-4E2A-B8AB-69CA59CEC16D}
		{FAABDCA8-F934-457A-95E6-6D850270F51D} = {F3FEF41E-64D8-4500-BEA7-FF1EF712B3CD}
		{C573570A-AE93-4895-8271-D4546C1BD385} = {468366A0-CB16-48C4-8CE5-D15D9F2DEB84}
		{0C7C8BE9-9F87-4BA3-9CD4-BC6A7612DA94} = {955CAE63-9F59-4E2A-B8AB-69CA59CEC16D}
	EndGlobalSection
	GlobalSection(ExtensibilityGlobals) = postSolution
		SolutionGuid = {716152A2-34FD-4945-97D9-980823E8DDDF}
	EndGlobalSection
EndGlobal
